{
  "name": "webix-todo-app",
  "version": "1.0.0",
  "lockfileVersion": 1,
  "requires": true,
  "dependencies": {
    "webix": {
      "version": "5.4.0",
      "resolved": "https://registry.npmjs.org/webix/-/webix-5.4.0.tgz",
      "integrity": "sha512-HEI4fv70srXljVv7ugKMeITPVhOZmRWUbYkboD8rPfgn+pHdYhNZ2h8rJK5IhaKyrGYyqUDTrQWMm1zoeL5Ucg=="
    }
  }
}
